hash: d23cf12251d717051196315dccf29daabd54e4c8a6d70a786cad3a4ee46a8d4c
updated: 2016-11-07T12:22:45.95706015+05:30
imports:
- name: github.com/gorilla/context
  version: 08b5f424b9271eedf6f9f0ce86cb9396ed337a42
- name: github.com/gorilla/handlers
  version: e1b2144f2167de0e1042d1d35e5cba5119d4fb5d
- name: github.com/gorilla/mux
  version: 757bef944d0f21880861c2dd9c871ca543023cba
- name: github.com/lib/pq
  version: d8eeeb8bae8896dd8e1b7e514ab0d396c4f12a1b
  subpackages:
  - oid
- name: github.com/urfave/negroni
  version: e0e50f7dc431c043cb33f91b09c3419d48b7cff5
testImports: []
